
Microsoft Visual Studio Solution File, Format Version 12.00
# Visual Studio 15
Project("{FAE04EC0-301F-11D3-BF4B-00C04F79EFBC}") = "Htp.BooksAPI.Data.Contracts", "Htp.BooksAPI.Data.Contracts\Htp.BooksAPI.Data.Contracts.csproj", "{7951A026-3802-418D-B300-47947251BAD2}"
EndProject
Project("{FAE04EC0-301F-11D3-BF4B-00C04F79EFBC}") = "Htp.BooksAPI.Data.EntityFramework", "Htp.BooksAPI.Data.EntityFramework\Htp.BooksAPI.Data.EntityFramework.csproj", "{DA69A2EE-4094-4D88-8F50-762C76D968D9}"
EndProject
Project("{FAE04EC0-301F-11D3-BF4B-00C04F79EFBC}") = "Htp.BooksAPI.Infrastructure", "Htp.BooksAPI.Infrastructure\Htp.BooksAPI.Infrastructure.csproj", "{7CD5814C-1700-4001-9097-E03ABBEA5211}"
EndProject
Project("{FAE04EC0-301F-11D3-BF4B-00C04F79EFBC}") = "Htp.BooksAPI.Domain.Contracts", "Htp.BooksAPI.Domain.Contracts\Htp.BooksAPI.Domain.Contracts.csproj", "{E774F86E-39CE-42F0-9CBD-772908348368}"
EndProject
Project("{FAE04EC0-301F-11D3-BF4B-00C04F79EFBC}") = "Htp.BooksAPI.Domain.Services", "Htp.BooksAPI.Domain.Services\Htp.BooksAPI.Domain.Services.csproj", "{D8CFBD24-6B5A-4BE9-8A2D-2EC5D8BA286A}"
EndProject
Project("{FAE04EC0-301F-11D3-BF4B-00C04F79EFBC}") = "Htp.BooksAPI.Web", "Htp.BooksAPI.Web\Htp.BooksAPI.Web.csproj", "{F46AF237-E432-42D7-A198-A7F5CCE69158}"
EndProject
Project("{FAE04EC0-301F-11D3-BF4B-00C04F79EFBC}") = "Htp.BooksAPI.Client", "Htp.BooksAPI.Client\Htp.BooksAPI.Client.csproj", "{97B30A57-88A4-4347-A369-19AFC1DEC236}"
EndProject
Global
	GlobalSection(SolutionConfigurationPlatforms) = preSolution
		Debug|Any CPU = Debug|Any CPU
		Release|Any CPU = Release|Any CPU
	EndGlobalSection
	GlobalSection(ProjectConfigurationPlatforms) = postSolution
		{7951A026-3802-418D-B300-47947251BAD2}.Debug|Any CPU.ActiveCfg = Debug|Any CPU
		{7951A026-3802-418D-B300-47947251BAD2}.Debug|Any CPU.Build.0 = Debug|Any CPU
		{7951A026-3802-418D-B300-47947251BAD2}.Release|Any CPU.ActiveCfg = Release|Any CPU
		{7951A026-3802-418D-B300-47947251BAD2}.Release|Any CPU.Build.0 = Release|Any CPU
		{DA69A2EE-4094-4D88-8F50-762C76D968D9}.Debug|Any CPU.ActiveCfg = Debug|Any CPU
		{DA69A2EE-4094-4D88-8F50-762C76D968D9}.Debug|Any CPU.Build.0 = Debug|Any CPU
		{DA69A2EE-4094-4D88-8F50-762C76D968D9}.Release|Any CPU.ActiveCfg = Release|Any CPU
		{DA69A2EE-4094-4D88-8F50-762C76D968D9}.Release|Any CPU.Build.0 = Release|Any CPU
		{7CD5814C-1700-4001-9097-E03ABBEA5211}.Debug|Any CPU.ActiveCfg = Debug|Any CPU
		{7CD5814C-1700-4001-9097-E03ABBEA5211}.Debug|Any CPU.Build.0 = Debug|Any CPU
		{7CD5814C-1700-4001-9097-E03ABBEA5211}.Release|Any CPU.ActiveCfg = Release|Any CPU
		{7CD5814C-1700-4001-9097-E03ABBEA5211}.Release|Any CPU.Build.0 = Release|Any CPU
		{E774F86E-39CE-42F0-9CBD-772908348368}.Debug|Any CPU.ActiveCfg = Debug|Any CPU
		{E774F86E-39CE-42F0-9CBD-772908348368}.Debug|Any CPU.Build.0 = Debug|Any CPU
		{E774F86E-39CE-42F0-9CBD-772908348368}.Release|Any CPU.ActiveCfg = Release|Any CPU
		{E774F86E-39CE-42F0-9CBD-772908348368}.Release|Any CPU.Build.0 = Release|Any CPU
		{D8CFBD24-6B5A-4BE9-8A2D-2EC5D8BA286A}.Debug|Any CPU.ActiveCfg = Debug|Any CPU
		{D8CFBD24-6B5A-4BE9-8A2D-2EC5D8BA286A}.Debug|Any CPU.Build.0 = Debug|Any CPU
		{D8CFBD24-6B5A-4BE9-8A2D-2EC5D8BA286A}.Release|Any CPU.ActiveCfg = Release|Any CPU
		{D8CFBD24-6B5A-4BE9-8A2D-2EC5D8BA286A}.Release|Any CPU.Build.0 = Release|Any CPU
		{F46AF237-E432-42D7-A198-A7F5CCE69158}.Debug|Any CPU.ActiveCfg = Debug|Any CPU
		{F46AF237-E432-42D7-A198-A7F5CCE69158}.Debug|Any CPU.Build.0 = Debug|Any CPU
		{F46AF237-E432-42D7-A198-A7F5CCE69158}.Release|Any CPU.ActiveCfg = Release|Any CPU
		{F46AF237-E432-42D7-A198-A7F5CCE69158}.Release|Any CPU.Build.0 = Release|Any CPU
		{97B30A57-88A4-4347-A369-19AFC1DEC236}.Debug|Any CPU.ActiveCfg = Debug|Any CPU
		{97B30A57-88A4-4347-A369-19AFC1DEC236}.Debug|Any CPU.Build.0 = Debug|Any CPU
		{97B30A57-88A4-4347-A369-19AFC1DEC236}.Release|Any CPU.ActiveCfg = Release|Any CPU
		{97B30A57-88A4-4347-A369-19AFC1DEC236}.Release|Any CPU.Build.0 = Release|Any CPU
	EndGlobalSection
EndGlobal
