{
  "requires": true,
  "lockfileVersion": 1,
  "dependencies": {
    "wordcloud": {
      "version": "1.1.0",
      "resolved": "https://registry.npmjs.org/wordcloud/-/wordcloud-1.1.0.tgz",
      "integrity": "sha512-2PHPdgYYt6jxu7EIQIY3YAs1/3ONZpVn4hwgpWISdypbwqTByJAE7r9bsRDFG0WKL82i0Y28xRZ0wF00lqZzWg=="
    }
  }
}
