
Microsoft Visual Studio Solution File, Format Version 12.00
# Visual Studio 15
VisualStudioVersion = 15.0.28307.489
MinimumVisualStudioVersion = 10.0.40219.1
Project("{9A19103F-16F7-4668-BE54-9A1E7A4F7556}") = "BookLibraryCRUD", "BookLibraryCRUD\BookLibraryCRUD.csproj", "{2FA9C544-44A6-4D55-A159-25EB35533E4B}"
EndProject
Project("{9A19103F-16F7-4668-BE54-9A1E7A4F7556}") = "UnitTestBookLibrary", "UnitTestBookLibrary\UnitTestBookLibrary.csproj", "{4663B846-516B-40DC-8E77-712ECC971A29}"
EndProject
Project("{FAE04EC0-301F-11D3-BF4B-00C04F79EFBC}") = "BookLibraryExampleProgram", "BookLibraryExampleProgram\BookLibraryExampleProgram.csproj", "{67164FC7-3B77-4D7C-B90F-0AC1887CAE79}"
EndProject
Global
	GlobalSection(SolutionConfigurationPlatforms) = preSolution
		Debug|Any CPU = Debug|Any CPU
		Release|Any CPU = Release|Any CPU
	EndGlobalSection
	GlobalSection(ProjectConfigurationPlatforms) = postSolution
		{2FA9C544-44A6-4D55-A159-25EB35533E4B}.Debug|Any CPU.ActiveCfg = Debug|Any CPU
		{2FA9C544-44A6-4D55-A159-25EB35533E4B}.Debug|Any CPU.Build.0 = Debug|Any CPU
		{2FA9C544-44A6-4D55-A159-25EB35533E4B}.Release|Any CPU.ActiveCfg = Release|Any CPU
		{2FA9C544-44A6-4D55-A159-25EB35533E4B}.Release|Any CPU.Build.0 = Release|Any CPU
		{4663B846-516B-40DC-8E77-712ECC971A29}.Debug|Any CPU.ActiveCfg = Debug|Any CPU
		{4663B846-516B-40DC-8E77-712ECC971A29}.Debug|Any CPU.Build.0 = Debug|Any CPU
		{4663B846-516B-40DC-8E77-712ECC971A29}.Release|Any CPU.ActiveCfg = Release|Any CPU
		{4663B846-516B-40DC-8E77-712ECC971A29}.Release|Any CPU.Build.0 = Release|Any CPU
		{67164FC7-3B77-4D7C-B90F-0AC1887CAE79}.Debug|Any CPU.ActiveCfg = Debug|Any CPU
		{67164FC7-3B77-4D7C-B90F-0AC1887CAE79}.Debug|Any CPU.Build.0 = Debug|Any CPU
		{67164FC7-3B77-4D7C-B90F-0AC1887CAE79}.Release|Any CPU.ActiveCfg = Release|Any CPU
		{67164FC7-3B77-4D7C-B90F-0AC1887CAE79}.Release|Any CPU.Build.0 = Release|Any CPU
	EndGlobalSection
	GlobalSection(SolutionProperties) = preSolution
		HideSolutionNode = FALSE
	EndGlobalSection
	GlobalSection(ExtensibilityGlobals) = postSolution
		SolutionGuid = {6151C90D-3EBE-4964-A7CB-BAFB01FE5E40}
	EndGlobalSection
EndGlobal
