
Microsoft Visual Studio Solution File, Format Version 12.00
# Visual Studio 15
VisualStudioVersion = 15.0.28307.136
MinimumVisualStudioVersion = 10.0.40219.1
Project("{2150E333-8FDC-42A3-9474-1A3956D46DE8}") = "Day1", "Day1", "{D7DADB14-390B-42D0-9270-0B37FC47FB06}"
EndProject
Project("{FAE04EC0-301F-11D3-BF4B-00C04F79EFBC}") = "BookCatalogue", "BookCatalogue\BookCatalogue.csproj", "{2728AF8F-1825-4FAC-8ACA-3EBBAEF08AA2}"
EndProject
Project("{FAE04EC0-301F-11D3-BF4B-00C04F79EFBC}") = "BookCatalogueTests", "BookCatalogueTests\BookCatalogueTests.csproj", "{47D6D8B3-B464-4250-B13D-C72C460C3643}"
EndProject
Project("{FAE04EC0-301F-11D3-BF4B-00C04F79EFBC}") = "BookCatalogueConsole", "BookCatalogueConsole\BookCatalogueConsole.csproj", "{8C41D1EB-768A-401D-8299-8B238335FC4A}"
EndProject
Global
	GlobalSection(SolutionConfigurationPlatforms) = preSolution
		Debug|Any CPU = Debug|Any CPU
		Release|Any CPU = Release|Any CPU
	EndGlobalSection
	GlobalSection(ProjectConfigurationPlatforms) = postSolution
		{2728AF8F-1825-4FAC-8ACA-3EBBAEF08AA2}.Debug|Any CPU.ActiveCfg = Debug|Any CPU
		{2728AF8F-1825-4FAC-8ACA-3EBBAEF08AA2}.Debug|Any CPU.Build.0 = Debug|Any CPU
		{2728AF8F-1825-4FAC-8ACA-3EBBAEF08AA2}.Release|Any CPU.ActiveCfg = Release|Any CPU
		{2728AF8F-1825-4FAC-8ACA-3EBBAEF08AA2}.Release|Any CPU.Build.0 = Release|Any CPU
		{47D6D8B3-B464-4250-B13D-C72C460C3643}.Debug|Any CPU.ActiveCfg = Debug|Any CPU
		{47D6D8B3-B464-4250-B13D-C72C460C3643}.Debug|Any CPU.Build.0 = Debug|Any CPU
		{47D6D8B3-B464-4250-B13D-C72C460C3643}.Release|Any CPU.ActiveCfg = Release|Any CPU
		{47D6D8B3-B464-4250-B13D-C72C460C3643}.Release|Any CPU.Build.0 = Release|Any CPU
		{8C41D1EB-768A-401D-8299-8B238335FC4A}.Debug|Any CPU.ActiveCfg = Debug|Any CPU
		{8C41D1EB-768A-401D-8299-8B238335FC4A}.Debug|Any CPU.Build.0 = Debug|Any CPU
		{8C41D1EB-768A-401D-8299-8B238335FC4A}.Release|Any CPU.ActiveCfg = Release|Any CPU
		{8C41D1EB-768A-401D-8299-8B238335FC4A}.Release|Any CPU.Build.0 = Release|Any CPU
	EndGlobalSection
	GlobalSection(SolutionProperties) = preSolution
		HideSolutionNode = FALSE
	EndGlobalSection
	GlobalSection(NestedProjects) = preSolution
		{2728AF8F-1825-4FAC-8ACA-3EBBAEF08AA2} = {D7DADB14-390B-42D0-9270-0B37FC47FB06}
		{47D6D8B3-B464-4250-B13D-C72C460C3643} = {D7DADB14-390B-42D0-9270-0B37FC47FB06}
		{8C41D1EB-768A-401D-8299-8B238335FC4A} = {D7DADB14-390B-42D0-9270-0B37FC47FB06}
	EndGlobalSection
	GlobalSection(ExtensibilityGlobals) = postSolution
		SolutionGuid = {F8DAFB7C-011E-42FA-90A8-FB0BBD16F64C}
	EndGlobalSection
EndGlobal
