
Microsoft Visual Studio Solution File, Format Version 12.00
# Visual Studio 15
Project("{FAE04EC0-301F-11D3-BF4B-00C04F79EFBC}") = "Htp.Crocodili.Web", "Htp.Crocodili.Web\Htp.Crocodili.Web.csproj", "{999E5715-F2A5-442B-8A98-73F751777941}"
EndProject
Global
	GlobalSection(SolutionConfigurationPlatforms) = preSolution
		Debug|Any CPU = Debug|Any CPU
		Release|Any CPU = Release|Any CPU
	EndGlobalSection
	GlobalSection(ProjectConfigurationPlatforms) = postSolution
		{999E5715-F2A5-442B-8A98-73F751777941}.Debug|Any CPU.ActiveCfg = Debug|Any CPU
		{999E5715-F2A5-442B-8A98-73F751777941}.Debug|Any CPU.Build.0 = Debug|Any CPU
		{999E5715-F2A5-442B-8A98-73F751777941}.Release|Any CPU.ActiveCfg = Release|Any CPU
		{999E5715-F2A5-442B-8A98-73F751777941}.Release|Any CPU.Build.0 = Release|Any CPU
	EndGlobalSection
EndGlobal
